
Microsoft Visual Studio Solution File, Format Version 12.00
# Visual Studio Version 17
VisualStudioVersion = 17.9.34902.65
MinimumVisualStudioVersion = 10.0.40219.1
Project("{2150E333-8FDC-42A3-9474-1A3956D46DE8}") = "Domain", "Domain", "{9E92FC47-2EF1-4135-B476-482AA1F7BE69}"
EndProject
Project("{2150E333-8FDC-42A3-9474-1A3956D46DE8}") = "Infrastructure", "Infrastructure", "{86118073-6FF9-4FE7-A8ED-5FF22F22A980}"
EndProject
Project("{2150E333-8FDC-42A3-9474-1A3956D46DE8}") = "Presentation", "Presentation", "{EE722498-160E-4699-8980-7A590D5D0608}"
EndProject
Project("{9A19103F-16F7-4668-BE54-9A1E7A4F7556}") = "Esnaf.Application", "src\Core\Esnaf.Application\Esnaf.Application.csproj", "{5D41D17C-0DD6-4581-9801-75923B6E3F33}"
EndProject
Project("{9A19103F-16F7-4668-BE54-9A1E7A4F7556}") = "Esnaf.Domain", "src\Core\Esnaf.Domain\Esnaf.Domain.csproj", "{900A8A3D-17E3-427E-9B54-E0DEB9139648}"
EndProject
Project("{2150E333-8FDC-42A3-9474-1A3956D46DE8}") = "src", "src", "{72145C52-1415-4501-B1C7-C84A875E7793}"
EndProject
Project("{9A19103F-16F7-4668-BE54-9A1E7A4F7556}") = "Esnaf.Infrastructure", "src\Infrastructure\Esnaf.Infrastructure\Esnaf.Infrastructure.csproj", "{E3DE37CF-5CD1-41A4-A56B-E6A346472125}"
EndProject
Project("{9A19103F-16F7-4668-BE54-9A1E7A4F7556}") = "Esnaf.Persistence", "src\Infrastructure\Esnaf.Persistence\Esnaf.Persistence.csproj", "{1F7294A5-2167-45C3-874A-B7D5B9B07D43}"
EndProject
Global
	GlobalSection(SolutionConfigurationPlatforms) = preSolution
		Debug|Any CPU = Debug|Any CPU
		Release|Any CPU = Release|Any CPU
	EndGlobalSection
	GlobalSection(ProjectConfigurationPlatforms) = postSolution
		{5D41D17C-0DD6-4581-9801-75923B6E3F33}.Debug|Any CPU.ActiveCfg = Debug|Any CPU
		{5D41D17C-0DD6-4581-9801-75923B6E3F33}.Debug|Any CPU.Build.0 = Debug|Any CPU
		{5D41D17C-0DD6-4581-9801-75923B6E3F33}.Release|Any CPU.ActiveCfg = Release|Any CPU
		{5D41D17C-0DD6-4581-9801-75923B6E3F33}.Release|Any CPU.Build.0 = Release|Any CPU
		{900A8A3D-17E3-427E-9B54-E0DEB9139648}.Debug|Any CPU.ActiveCfg = Debug|Any CPU
		{900A8A3D-17E3-427E-9B54-E0DEB9139648}.Debug|Any CPU.Build.0 = Debug|Any CPU
		{900A8A3D-17E3-427E-9B54-E0DEB9139648}.Release|Any CPU.ActiveCfg = Release|Any CPU
		{900A8A3D-17E3-427E-9B54-E0DEB9139648}.Release|Any CPU.Build.0 = Release|Any CPU
		{E3DE37CF-5CD1-41A4-A56B-E6A346472125}.Debug|Any CPU.ActiveCfg = Debug|Any CPU
		{E3DE37CF-5CD1-41A4-A56B-E6A346472125}.Debug|Any CPU.Build.0 = Debug|Any CPU
		{E3DE37CF-5CD1-41A4-A56B-E6A346472125}.Release|Any CPU.ActiveCfg = Release|Any CPU
		{E3DE37CF-5CD1-41A4-A56B-E6A346472125}.Release|Any CPU.Build.0 = Release|Any CPU
		{1F7294A5-2167-45C3-874A-B7D5B9B07D43}.Debug|Any CPU.ActiveCfg = Debug|Any CPU
		{1F7294A5-2167-45C3-874A-B7D5B9B07D43}.Debug|Any CPU.Build.0 = Debug|Any CPU
		{1F7294A5-2167-45C3-874A-B7D5B9B07D43}.Release|Any CPU.ActiveCfg = Release|Any CPU
		{1F7294A5-2167-45C3-874A-B7D5B9B07D43}.Release|Any CPU.Build.0 = Release|Any CPU
	EndGlobalSection
	GlobalSection(SolutionProperties) = preSolution
		HideSolutionNode = FALSE
	EndGlobalSection
	GlobalSection(NestedProjects) = preSolution
		{9E92FC47-2EF1-4135-B476-482AA1F7BE69} = {72145C52-1415-4501-B1C7-C84A875E7793}
		{86118073-6FF9-4FE7-A8ED-5FF22F22A980} = {72145C52-1415-4501-B1C7-C84A875E7793}
		{EE722498-160E-4699-8980-7A590D5D0608} = {72145C52-1415-4501-B1C7-C84A875E7793}
		{5D41D17C-0DD6-4581-9801-75923B6E3F33} = {9E92FC47-2EF1-4135-B476-482AA1F7BE69}
		{900A8A3D-17E3-427E-9B54-E0DEB9139648} = {9E92FC47-2EF1-4135-B476-482AA1F7BE69}
		{E3DE37CF-5CD1-41A4-A56B-E6A346472125} = {86118073-6FF9-4FE7-A8ED-5FF22F22A980}
		{1F7294A5-2167-45C3-874A-B7D5B9B07D43} = {86118073-6FF9-4FE7-A8ED-5FF22F22A980}
	EndGlobalSection
	GlobalSection(ExtensibilityGlobals) = postSolution
		SolutionGuid = {7086125E-4E9C-4DBD-BDD9-6626C6EC1D4B}
	EndGlobalSection
EndGlobal
